
Microsoft Visual Studio Solution File, Format Version 12.00
# Visual Studio Version 17
VisualStudioVersion = 17.5.002.0
MinimumVisualStudioVersion = 10.0.40219.1
Project("{9A19103F-16F7-4668-BE54-9A1E7A4F7556}") = "Kickstart.Web", "Kickstart.Web\Kickstart.Web.csproj", "{40D50FF6-5543-40A7-89A2-820FCD9E87AA}"
EndProject
Project("{FAE04EC0-301F-11D3-BF4B-00C04F79EFBC}") = "Kickstart.Entities", "Kickstart.Entities\Kickstart.Entities.csproj", "{FE844EC1-6AEC-46F1-8585-7A5282D14216}"
EndProject
Global
	GlobalSection(SolutionConfigurationPlatforms) = preSolution
		Debug|Any CPU = Debug|Any CPU
		Release|Any CPU = Release|Any CPU
	EndGlobalSection
	GlobalSection(ProjectConfigurationPlatforms) = postSolution
		{40D50FF6-5543-40A7-89A2-820FCD9E87AA}.Debug|Any CPU.ActiveCfg = Debug|Any CPU
		{40D50FF6-5543-40A7-89A2-820FCD9E87AA}.Debug|Any CPU.Build.0 = Debug|Any CPU
		{40D50FF6-5543-40A7-89A2-820FCD9E87AA}.Release|Any CPU.ActiveCfg = Release|Any CPU
		{40D50FF6-5543-40A7-89A2-820FCD9E87AA}.Release|Any CPU.Build.0 = Release|Any CPU
		{FE844EC1-6AEC-46F1-8585-7A5282D14216}.Debug|Any CPU.ActiveCfg = Debug|Any CPU
		{FE844EC1-6AEC-46F1-8585-7A5282D14216}.Debug|Any CPU.Build.0 = Debug|Any CPU
		{FE844EC1-6AEC-46F1-8585-7A5282D14216}.Release|Any CPU.ActiveCfg = Release|Any CPU
		{FE844EC1-6AEC-46F1-8585-7A5282D14216}.Release|Any CPU.Build.0 = Release|Any CPU
	EndGlobalSection
	GlobalSection(SolutionProperties) = preSolution
		HideSolutionNode = FALSE
	EndGlobalSection
	GlobalSection(ExtensibilityGlobals) = postSolution
		SolutionGuid = {7C2BA360-52B3-4507-8E43-59B9654BC0C0}
	EndGlobalSection
EndGlobal
